
Microsoft Visual Studio Solution File, Format Version 12.00
# Visual Studio Version 17
VisualStudioVersion = 17.12.35527.113
MinimumVisualStudioVersion = 10.0.40219.1
Project("{FAE04EC0-301F-11D3-BF4B-00C04F79EFBC}") = "MovieReviewsAPI", "MovieReviewsAPI\MovieReviewsAPI.csproj", "{F4F7B305-B125-4E31-83CC-0E422AB0841E}"
EndProject
Project("{FAE04EC0-301F-11D3-BF4B-00C04F79EFBC}") = "MovieReviewsAPI.Tests", "MovieReviewsAPI.Tests\MovieReviewsAPI.Tests.csproj", "{68CFAFEE-0EB5-4030-BC00-30B119BD57A6}"
EndProject
Project("{FAE04EC0-301F-11D3-BF4B-00C04F79EFBC}") = "MovieReviewsAPI.IntegrationTests", "MovieReviewsAPI.IntegrationTests\MovieReviewsAPI.IntegrationTests.csproj", "{501CECB2-4143-40A3-B4F3-8E4D88BA72B6}"
EndProject
Global
	GlobalSection(SolutionConfigurationPlatforms) = preSolution
		Debug|Any CPU = Debug|Any CPU
		Release|Any CPU = Release|Any CPU
	EndGlobalSection
	GlobalSection(ProjectConfigurationPlatforms) = postSolution
		{F4F7B305-B125-4E31-83CC-0E422AB0841E}.Debug|Any CPU.ActiveCfg = Debug|Any CPU
		{F4F7B305-B125-4E31-83CC-0E422AB0841E}.Debug|Any CPU.Build.0 = Debug|Any CPU
		{F4F7B305-B125-4E31-83CC-0E422AB0841E}.Release|Any CPU.ActiveCfg = Release|Any CPU
		{F4F7B305-B125-4E31-83CC-0E422AB0841E}.Release|Any CPU.Build.0 = Release|Any CPU
		{68CFAFEE-0EB5-4030-BC00-30B119BD57A6}.Debug|Any CPU.ActiveCfg = Debug|Any CPU
		{68CFAFEE-0EB5-4030-BC00-30B119BD57A6}.Debug|Any CPU.Build.0 = Debug|Any CPU
		{68CFAFEE-0EB5-4030-BC00-30B119BD57A6}.Release|Any CPU.ActiveCfg = Release|Any CPU
		{68CFAFEE-0EB5-4030-BC00-30B119BD57A6}.Release|Any CPU.Build.0 = Release|Any CPU
		{501CECB2-4143-40A3-B4F3-8E4D88BA72B6}.Debug|Any CPU.ActiveCfg = Debug|Any CPU
		{501CECB2-4143-40A3-B4F3-8E4D88BA72B6}.Debug|Any CPU.Build.0 = Debug|Any CPU
		{501CECB2-4143-40A3-B4F3-8E4D88BA72B6}.Release|Any CPU.ActiveCfg = Release|Any CPU
		{501CECB2-4143-40A3-B4F3-8E4D88BA72B6}.Release|Any CPU.Build.0 = Release|Any CPU
	EndGlobalSection
	GlobalSection(SolutionProperties) = preSolution
		HideSolutionNode = FALSE
	EndGlobalSection
EndGlobal
